// !$*UTF8*$!
{
	archiveVersion = 1;
	classes = {
	};
	objectVersion = 51;
	objects = {

/* Begin PBXBuildFile section */
		2A617EA9FEE5E6C9CCBCBC4A /* Pods_Flash_Chat_IOS14.framework in Frameworks */ = {isa = PBXBuildFile; fileRef = 462BDACE7D67C690D78DFF62 /* Pods_Flash_Chat_IOS14.framework */; };
		A0CAB72025ECEC0C00919222 /* AppDelegate.swift in Sources */ = {isa = PBXBuildFile; fileRef = A0CAB71F25ECEC0C00919222 /* AppDelegate.swift */; };
		A0CAB72225ECEC0C00919222 /* SceneDelegate.swift in Sources */ = {isa = PBXBuildFile; fileRef = A0CAB72125ECEC0C00919222 /* SceneDelegate.swift */; };
		A0CAB72725ECEC0C00919222 /* Main.storyboard in Resources */ = {isa = PBXBuildFile; fileRef = A0CAB72525ECEC0C00919222 /* Main.storyboard */; };
		A0CAB72925ECEC0C00919222 /* Assets.xcassets in Resources */ = {isa = PBXBuildFile; fileRef = A0CAB72825ECEC0C00919222 /* Assets.xcassets */; };
		A0CAB72C25ECEC0C00919222 /* LaunchScreen.storyboard in Resources */ = {isa = PBXBuildFile; fileRef = A0CAB72A25ECEC0C00919222 /* LaunchScreen.storyboard */; };
		A0CAB73925ECED9200919222 /* WelcomViewController.swift in Sources */ = {isa = PBXBuildFile; fileRef = A0CAB73825ECED9200919222 /* WelcomViewController.swift */; };
		A0CAB73C25ECEDB800919222 /* RegisterViewController.swift in Sources */ = {isa = PBXBuildFile; fileRef = A0CAB73B25ECEDB800919222 /* RegisterViewController.swift */; };
		A0CAB73F25ECEDCA00919222 /* LoginViewController.swift in Sources */ = {isa = PBXBuildFile; fileRef = A0CAB73E25ECEDCA00919222 /* LoginViewController.swift */; };
		A0CAB74225ECEDDD00919222 /* ChatViewController.swift in Sources */ = {isa = PBXBuildFile; fileRef = A0CAB74125ECEDDD00919222 /* ChatViewController.swift */; };
		A0DA95C925FDAC90004B1DD7 /* GoogleService-Info.plist in Resources */ = {isa = PBXBuildFile; fileRef = A0DA95C825FDAC90004B1DD7 /* GoogleService-Info.plist */; };
/* End PBXBuildFile section */

/* Begin PBXFileReference section */
		00D44C6020740F5A1C49D412 /* Pods-Flash Chat IOS14.debug.xcconfig */ = {isa = PBXFileReference; includeInIndex = 1; lastKnownFileType = text.xcconfig; name = "Pods-Flash Chat IOS14.debug.xcconfig"; path = "Target Support Files/Pods-Flash Chat IOS14/Pods-Flash Chat IOS14.debug.xcconfig"; sourceTree = "<group>"; };
		462BDACE7D67C690D78DFF62 /* Pods_Flash_Chat_IOS14.framework */ = {isa = PBXFileReference; explicitFileType = wrapper.framework; includeInIndex = 0; path = Pods_Flash_Chat_IOS14.framework; sourceTree = BUILT_PRODUCTS_DIR; };
		A0CAB71C25ECEC0C00919222 /* Flash Chat IOS14.app */ = {isa = PBXFileReference; explicitFileType = wrapper.application; includeInIndex = 0; path = "Flash Chat IOS14.app"; sourceTree = BUILT_PRODUCTS_DIR; };
		A0CAB71F25ECEC0C00919222 /* AppDelegate.swift */ = {isa = PBXFileReference; lastKnownFileType = sourcecode.swift; path = AppDelegate.swift; sourceTree = "<group>"; };
		A0CAB72125ECEC0C00919222 /* SceneDelegate.swift */ = {isa = PBXFileReference; lastKnownFileType = sourcecode.swift; path = SceneDelegate.swift; sourceTree = "<group>"; };
		A0CAB72625ECEC0C00919222 /* Base */ = {isa = PBXFileReference; lastKnownFileType = file.storyboard; name = Base; path = Base.lproj/Main.storyboard; sourceTree = "<group>"; };
		A0CAB72825ECEC0C00919222 /* Assets.xcassets */ = {isa = PBXFileReference; lastKnownFileType = folder.assetcatalog; path = Assets.xcassets; sourceTree = "<group>"; };
		A0CAB72B25ECEC0C00919222 /* Base */ = {isa = PBXFileReference; lastKnownFileType = file.storyboard; name = Base; path = Base.lproj/LaunchScreen.storyboard; sourceTree = "<group>"; };
		A0CAB72D25ECEC0C00919222 /* Info.plist */ = {isa = PBXFileReference; lastKnownFileType = text.plist.xml; path = Info.plist; sourceTree = "<group>"; };
		A0CAB73825ECED9200919222 /* WelcomViewController.swift */ = {isa = PBXFileReference; lastKnownFileType = sourcecode.swift; path = WelcomViewController.swift; sourceTree = "<group>"; };
		A0CAB73B25ECEDB800919222 /* RegisterViewController.swift */ = {isa = PBXFileReference; lastKnownFileType = sourcecode.swift; path = RegisterViewController.swift; sourceTree = "<group>"; };
		A0CAB73E25ECEDCA00919222 /* LoginViewController.swift */ = {isa = PBXFileReference; lastKnownFileType = sourcecode.swift; path = LoginViewController.swift; sourceTree = "<group>"; };
		A0CAB74125ECEDDD00919222 /* ChatViewController.swift */ = {isa = PBXFileReference; lastKnownFileType = sourcecode.swift; path = ChatViewController.swift; sourceTree = "<group>"; };
		A0DA95C825FDAC90004B1DD7 /* GoogleService-Info.plist */ = {isa = PBXFileReference; fileEncoding = 4; lastKnownFileType = text.plist.xml; name = "GoogleService-Info.plist"; path = "../../../../Downloads/GoogleService-Info.plist"; sourceTree = "<group>"; };
		A4F70AC3C60B991B836B282D /* Pods-Flash Chat IOS14.release.xcconfig */ = {isa = PBXFileReference; includeInIndex = 1; lastKnownFileType = text.xcconfig; name = "Pods-Flash Chat IOS14.release.xcconfig"; path = "Target Support Files/Pods-Flash Chat IOS14/Pods-Flash Chat IOS14.release.xcconfig"; sourceTree = "<group>"; };
/* End PBXFileReference section */

/* Begin PBXFrameworksBuildPhase section */
		A0CAB71925ECEC0C00919222 /* Frameworks */ = {
			isa = PBXFrameworksBuildPhase;
			buildActionMask = 2147483647;
			files = (
				2A617EA9FEE5E6C9CCBCBC4A /* Pods_Flash_Chat_IOS14.framework in Frameworks */,
			);
			runOnlyForDeploymentPostprocessing = 0;
		};
/* End PBXFrameworksBuildPhase section */

/* Begin PBXGroup section */
		8B14BC88D48A53D26AE8F0F7 /* Frameworks */ = {
			isa = PBXGroup;
			children = (
				462BDACE7D67C690D78DFF62 /* Pods_Flash_Chat_IOS14.framework */,
			);
			name = Frameworks;
			sourceTree = "<group>";
		};
		A0CAB71325ECEC0C00919222 = {
			isa = PBXGroup;
			children = (
				A0CAB71E25ECEC0C00919222 /* Flash Chat IOS14 */,
				A0CAB71D25ECEC0C00919222 /* Products */,
				A3E80EDA6133C030820A626E /* Pods */,
				8B14BC88D48A53D26AE8F0F7 /* Frameworks */,
			);
			sourceTree = "<group>";
		};
		A0CAB71D25ECEC0C00919222 /* Products */ = {
			isa = PBXGroup;
			children = (
				A0CAB71C25ECEC0C00919222 /* Flash Chat IOS14.app */,
			);
			name = Products;
			sourceTree = "<group>";
		};
		A0CAB71E25ECEC0C00919222 /* Flash Chat IOS14 */ = {
			isa = PBXGroup;
			children = (
				A0CAB71F25ECEC0C00919222 /* AppDelegate.swift */,
				A0CAB72125ECEC0C00919222 /* SceneDelegate.swift */,
				A0CAB73425ECEC5900919222 /* Model */,
				A0CAB73625ECEC9100919222 /* Controller */,
				A0CAB73525ECEC6700919222 /* View */,
				A0CAB72825ECEC0C00919222 /* Assets.xcassets */,
				A0CAB72A25ECEC0C00919222 /* LaunchScreen.storyboard */,
				A0CAB72D25ECEC0C00919222 /* Info.plist */,
				A0DA95C825FDAC90004B1DD7 /* GoogleService-Info.plist */,
			);
			path = "Flash Chat IOS14";
			sourceTree = "<group>";
		};
		A0CAB73425ECEC5900919222 /* Model */ = {
			isa = PBXGroup;
			children = (
			);
			path = Model;
			sourceTree = "<group>";
		};
		A0CAB73525ECEC6700919222 /* View */ = {
			isa = PBXGroup;
			children = (
				A0CAB72525ECEC0C00919222 /* Main.storyboard */,
			);
			path = View;
			sourceTree = "<group>";
		};
		A0CAB73625ECEC9100919222 /* Controller */ = {
			isa = PBXGroup;
			children = (
				A0CAB73825ECED9200919222 /* WelcomViewController.swift */,
				A0CAB73B25ECEDB800919222 /* RegisterViewController.swift */,
				A0CAB73E25ECEDCA00919222 /* LoginViewController.swift */,
				A0CAB74125ECEDDD00919222 /* ChatViewController.swift */,
			);
			path = Controller;
			sourceTree = "<group>";
		};
		A3E80EDA6133C030820A626E /* Pods */ = {
			isa = PBXGroup;
			children = (
				00D44C6020740F5A1C49D412 /* Pods-Flash Chat IOS14.debug.xcconfig */,
				A4F70AC3C60B991B836B282D /* Pods-Flash Chat IOS14.release.xcconfig */,
			);
			path = Pods;
			sourceTree = "<group>";
		};
/* End PBXGroup section */

/* Begin PBXNativeTarget section */
		A0CAB71B25ECEC0C00919222 /* Flash Chat IOS14 */ = {
			isa = PBXNativeTarget;
			buildConfigurationList = A0CAB73025ECEC0C00919222 /* Build configuration list for PBXNativeTarget "Flash Chat IOS14" */;
			buildPhases = (
				3D37A376D754267BE2998CC5 /* [CP] Check Pods Manifest.lock */,
				A0CAB71825ECEC0C00919222 /* Sources */,
				A0CAB71925ECEC0C00919222 /* Frameworks */,
				A0CAB71A25ECEC0C00919222 /* Resources */,
				647A61D94C4C7629761C6FD4 /* [CP] Embed Pods Frameworks */,
			);
			buildRules = (
			);
			dependencies = (
			);
			name = "Flash Chat IOS14";
			productName = "Flash Chat IOS14";
			productReference = A0CAB71C25ECEC0C00919222 /* Flash Chat IOS14.app */;
			productType = "com.apple.product-type.application";
		};
/* End PBXNativeTarget section */

/* Begin PBXProject section */
		A0CAB71425ECEC0C00919222 /* Project object */ = {
			isa = PBXProject;
			attributes = {
				LastSwiftUpdateCheck = 1240;
				LastUpgradeCheck = 1240;
				TargetAttributes = {
					A0CAB71B25ECEC0C00919222 = {
						CreatedOnToolsVersion = 12.4;
					};
				};
			};
			buildConfigurationList = A0CAB71725ECEC0C00919222 /* Build configuration list for PBXProject "Flash Chat IOS14" */;
			compatibilityVersion = "Xcode 9.3";
			developmentRegion = en;
			hasScannedForEncodings = 0;
			knownRegions = (
				en,
				Base,
			);
			mainGroup = A0CAB71325ECEC0C00919222;
			productRefGroup = A0CAB71D25ECEC0C00919222 /* Products */;
			projectDirPath = "";
			projectRoot = "";
			targets = (
				A0CAB71B25ECEC0C00919222 /* Flash Chat IOS14 */,
			);
		};
/* End PBXProject section */

/* Begin PBXResourcesBuildPhase section */
		A0CAB71A25ECEC0C00919222 /* Resources */ = {
			isa = PBXResourcesBuildPhase;
			buildActionMask = 2147483647;
			files = (
				A0CAB72C25ECEC0C00919222 /* LaunchScreen.storyboard in Resources */,
				A0DA95C925FDAC90004B1DD7 /* GoogleService-Info.plist in Resources */,
				A0CAB72925ECEC0C00919222 /* Assets.xcassets in Resources */,
				A0CAB72725ECEC0C00919222 /* Main.storyboard in Resources */,
			);
			runOnlyForDeploymentPostprocessing = 0;
		};
/* End PBXResourcesBuildPhase section */

/* Begin PBXShellScriptBuildPhase section */
		3D37A376D754267BE2998CC5 /* [CP] Check Pods Manifest.lock */ = {
			isa = PBXShellScriptBuildPhase;
			buildActionMask = 2147483647;
			files = (
			);
			inputFileListPaths = (
			);
			inputPaths = (
				"${PODS_PODFILE_DIR_PATH}/Podfile.lock",
				"${PODS_ROOT}/Manifest.lock",
			);
			name = "[CP] Check Pods Manifest.lock";
			outputFileListPaths = (
			);
			outputPaths = (
				"$(DERIVED_FILE_DIR)/Pods-Flash Chat IOS14-checkManifestLockResult.txt",
			);
			runOnlyForDeploymentPostprocessing = 0;
			shellPath = /bin/sh;
			shellScript = "diff \"${PODS_PODFILE_DIR_PATH}/Podfile.lock\" \"${PODS_ROOT}/Manifest.lock\" > /dev/null\nif [ $? != 0 ] ; then\n    # print error to STDERR\n    echo \"error: The sandbox is not in sync with the Podfile.lock. Run 'pod install' or update your CocoaPods installation.\" >&2\n    exit 1\nfi\n# This output is used by Xcode 'outputs' to avoid re-running this script phase.\necho \"SUCCESS\" > \"${SCRIPT_OUTPUT_FILE_0}\"\n";
			showEnvVarsInLog = 0;
		};
		647A61D94C4C7629761C6FD4 /* [CP] Embed Pods Frameworks */ = {
			isa = PBXShellScriptBuildPhase;
			buildActionMask = 2147483647;
			files = (
			);
			inputFileListPaths = (
				"${PODS_ROOT}/Target Support Files/Pods-Flash Chat IOS14/Pods-Flash Chat IOS14-frameworks-${CONFIGURATION}-input-files.xcfilelist",
			);
			name = "[CP] Embed Pods Frameworks";
			outputFileListPaths = (
				"${PODS_ROOT}/Target Support Files/Pods-Flash Chat IOS14/Pods-Flash Chat IOS14-frameworks-${CONFIGURATION}-output-files.xcfilelist",
			);
			runOnlyForDeploymentPostprocessing = 0;
			shellPath = /bin/sh;
			shellScript = "\"${PODS_ROOT}/Target Support Files/Pods-Flash Chat IOS14/Pods-Flash Chat IOS14-frameworks.sh\"\n";
			showEnvVarsInLog = 0;
		};
/* End PBXShellScriptBuildPhase section */

/* Begin PBXSourcesBuildPhase section */
		A0CAB71825ECEC0C00919222 /* Sources */ = {
			isa = PBXSourcesBuildPhase;
			buildActionMask = 2147483647;
			files = (
				A0CAB73F25ECEDCA00919222 /* LoginViewController.swift in Sources */,
				A0CAB73C25ECEDB800919222 /* RegisterViewController.swift in Sources */,
				A0CAB74225ECEDDD00919222 /* ChatViewController.swift in Sources */,
				A0CAB72025ECEC0C00919222 /* AppDelegate.swift in Sources */,
				A0CAB72225ECEC0C00919222 /* SceneDelegate.swift in Sources */,
				A0CAB73925ECED9200919222 /* WelcomViewController.swift in Sources */,
			);
			runOnlyForDeploymentPostprocessing = 0;
		};
/* End PBXSourcesBuildPhase section */

/* Begin PBXVariantGroup section */
		A0CAB72525ECEC0C00919222 /* Main.storyboard */ = {
			isa = PBXVariantGroup;
			children = (
				A0CAB72625ECEC0C00919222 /* Base */,
			);
			name = Main.storyboard;
			sourceTree = "<group>";
		};
		A0CAB72A25ECEC0C00919222 /* LaunchScreen.storyboard */ = {
			isa = PBXVariantGroup;
			children = (
				A0CAB72B25ECEC0C00919222 /* Base */,
			);
			name = LaunchScreen.storyboard;
			sourceTree = "<group>";
		};
/* End PBXVariantGroup section */

/* Begin XCBuildConfiguration section */
		A0CAB72E25ECEC0C00919222 /* Debug */ = {
			isa = XCBuildConfiguration;
			buildSettings = {
				ALWAYS_SEARCH_USER_PATHS = NO;
				CLANG_ANALYZER_NONNULL = YES;
				CLANG_ANALYZER_NUMBER_OBJECT_CONVERSION = YES_AGGRESSIVE;
				CLANG_CXX_LANGUAGE_STANDARD = "gnu++14";
				CLANG_CXX_LIBRARY = "libc++";
				CLANG_ENABLE_MODULES = YES;
				CLANG_ENABLE_OBJC_ARC = YES;
				CLANG_ENABLE_OBJC_WEAK = YES;
				CLANG_WARN_BLOCK_CAPTURE_AUTORELEASING = YES;
				CLANG_WARN_BOOL_CONVERSION = YES;
				CLANG_WARN_COMMA = YES;
				CLANG_WARN_CONSTANT_CONVERSION = YES;
				CLANG_WARN_DEPRECATED_OBJC_IMPLEMENTATIONS = YES;
				CLANG_WARN_DIRECT_OBJC_ISA_USAGE = YES_ERROR;
				CLANG_WARN_DOCUMENTATION_COMMENTS = YES;
				CLANG_WARN_EMPTY_BODY = YES;
				CLANG_WARN_ENUM_CONVERSION = YES;
				CLANG_WARN_INFINITE_RECURSION = YES;
				CLANG_WARN_INT_CONVERSION = YES;
				CLANG_WARN_NON_LITERAL_NULL_CONVERSION = YES;
				CLANG_WARN_OBJC_IMPLICIT_RETAIN_SELF = YES;
				CLANG_WARN_OBJC_LITERAL_CONVERSION = YES;
				CLANG_WARN_OBJC_ROOT_CLASS = YES_ERROR;
				CLANG_WARN_QUOTED_INCLUDE_IN_FRAMEWORK_HEADER = YES;
				CLANG_WARN_RANGE_LOOP_ANALYSIS = YES;
				CLANG_WARN_STRICT_PROTOTYPES = YES;
				CLANG_WARN_SUSPICIOUS_MOVE = YES;
				CLANG_WARN_UNGUARDED_AVAILABILITY = YES_AGGRESSIVE;
				CLANG_WARN_UNREACHABLE_CODE = YES;
				CLANG_WARN__DUPLICATE_METHOD_MATCH = YES;
				COPY_PHASE_STRIP = NO;
				DEBUG_INFORMATION_FORMAT = dwarf;
				ENABLE_STRICT_OBJC_MSGSEND = YES;
				ENABLE_TESTABILITY = YES;
				GCC_C_LANGUAGE_STANDARD = gnu11;
				GCC_DYNAMIC_NO_PIC = NO;
				GCC_NO_COMMON_BLOCKS = YES;
				GCC_OPTIMIZATION_LEVEL = 0;
				GCC_PREPROCESSOR_DEFINITIONS = (
					"DEBUG=1",
					"$(inherited)",
				);
				GCC_WARN_64_TO_32_BIT_CONVERSION = YES;
				GCC_WARN_ABOUT_RETURN_TYPE = YES_ERROR;
				GCC_WARN_UNDECLARED_SELECTOR = YES;
				GCC_WARN_UNINITIALIZED_AUTOS = YES_AGGRESSIVE;
				GCC_WARN_UNUSED_FUNCTION = YES;
				GCC_WARN_UNUSED_VARIABLE = YES;
				IPHONEOS_DEPLOYMENT_TARGET = 14.4;
				MTL_ENABLE_DEBUG_INFO = INCLUDE_SOURCE;
				MTL_FAST_MATH = YES;
				ONLY_ACTIVE_ARCH = YES;
				SDKROOT = iphoneos;
				SWIFT_ACTIVE_COMPILATION_CONDITIONS = DEBUG;
				SWIFT_OPTIMIZATION_LEVEL = "-Onone";
			};
			name = Debug;
		};
		A0CAB72F25ECEC0C00919222 /* Release */ = {
			isa = XCBuildConfiguration;
			buildSettings = {
				ALWAYS_SEARCH_USER_PATHS = NO;
				CLANG_ANALYZER_NONNULL = YES;
				CLANG_ANALYZER_NUMBER_OBJECT_CONVERSION = YES_AGGRESSIVE;
				CLANG_CXX_LANGUAGE_STANDARD = "gnu++14";
				CLANG_CXX_LIBRARY = "libc++";
				CLANG_ENABLE_MODULES = YES;
				CLANG_ENABLE_OBJC_ARC = YES;
				CLANG_ENABLE_OBJC_WEAK = YES;
				CLANG_WARN_BLOCK_CAPTURE_AUTORELEASING = YES;
				CLANG_WARN_BOOL_CONVERSION = YES;
				CLANG_WARN_COMMA = YES;
				CLANG_WARN_CONSTANT_CONVERSION = YES;
				CLANG_WARN_DEPRECATED_OBJC_IMPLEMENTATIONS = YES;
				CLANG_WARN_DIRECT_OBJC_ISA_USAGE = YES_ERROR;
				CLANG_WARN_DOCUMENTATION_COMMENTS = YES;
				CLANG_WARN_EMPTY_BODY = YES;
				CLANG_WARN_ENUM_CONVERSION = YES;
				CLANG_WARN_INFINITE_RECURSION = YES;
				CLANG_WARN_INT_CONVERSION = YES;
				CLANG_WARN_NON_LITERAL_NULL_CONVERSION = YES;
				CLANG_WARN_OBJC_IMPLICIT_RETAIN_SELF = YES;
				CLANG_WARN_OBJC_LITERAL_CONVERSION = YES;
				CLANG_WARN_OBJC_ROOT_CLASS = YES_ERROR;
				CLANG_WARN_QUOTED_INCLUDE_IN_FRAMEWORK_HEADER = YES;
				CLANG_WARN_RANGE_LOOP_ANALYSIS = YES;
				CLANG_WARN_STRICT_PROTOTYPES = YES;
				CLANG_WARN_SUSPICIOUS_MOVE = YES;
				CLANG_WARN_UNGUARDED_AVAILABILITY = YES_AGGRESSIVE;
				CLANG_WARN_UNREACHABLE_CODE = YES;
				CLANG_WARN__DUPLICATE_METHOD_MATCH = YES;
				COPY_PHASE_STRIP = NO;
				DEBUG_INFORMATION_FORMAT = "dwarf-with-dsym";
				ENABLE_NS_ASSERTIONS = NO;
				ENABLE_STRICT_OBJC_MSGSEND = YES;
				GCC_C_LANGUAGE_STANDARD = gnu11;
				GCC_NO_COMMON_BLOCKS = YES;
				GCC_WARN_64_TO_32_BIT_CONVERSION = YES;
				GCC_WARN_ABOUT_RETURN_TYPE = YES_ERROR;
				GCC_WARN_UNDECLARED_SELECTOR = YES;
				GCC_WARN_UNINITIALIZED_AUTOS = YES_AGGRESSIVE;
				GCC_WARN_UNUSED_FUNCTION = YES;
				GCC_WARN_UNUSED_VARIABLE = YES;
				IPHONEOS_DEPLOYMENT_TARGET = 14.4;
				MTL_ENABLE_DEBUG_INFO = NO;
				MTL_FAST_MATH = YES;
				SDKROOT = iphoneos;
				SWIFT_COMPILATION_MODE = wholemodule;
				SWIFT_OPTIMIZATION_LEVEL = "-O";
				VALIDATE_PRODUCT = YES;
			};
			name = Release;
		};
		A0CAB73125ECEC0C00919222 /* Debug */ = {
			isa = XCBuildConfiguration;
			baseConfigurationReference = 00D44C6020740F5A1C49D412 /* Pods-Flash Chat IOS14.debug.xcconfig */;
			buildSettings = {
				ASSETCATALOG_COMPILER_APPICON_NAME = AppIcon;
				ASSETCATALOG_COMPILER_GLOBAL_ACCENT_COLOR_NAME = AccentColor;
				CODE_SIGN_STYLE = Automatic;
				DEVELOPMENT_TEAM = 797QRCMZV7;
				INFOPLIST_FILE = "Flash Chat IOS14/Info.plist";
				LD_RUNPATH_SEARCH_PATHS = (
					"$(inherited)",
					"@executable_path/Frameworks",
				);
				PRODUCT_BUNDLE_IDENTIFIER = "com.appfromape.Flash-Chat-IOS14";
				PRODUCT_NAME = "$(TARGET_NAME)";
				SWIFT_VERSION = 5.0;
				TARGETED_DEVICE_FAMILY = "1,2";
			};
			name = Debug;
		};
		A0CAB73225ECEC0C00919222 /* Release */ = {
			isa = XCBuildConfiguration;
			baseConfigurationReference = A4F70AC3C60B991B836B282D /* Pods-Flash Chat IOS14.release.xcconfig */;
			buildSettings = {
				ASSETCATALOG_COMPILER_APPICON_NAME = AppIcon;
				ASSETCATALOG_COMPILER_GLOBAL_ACCENT_COLOR_NAME = AccentColor;
				CODE_SIGN_STYLE = Automatic;
				DEVELOPMENT_TEAM = 797QRCMZV7;
				INFOPLIST_FILE = "Flash Chat IOS14/Info.plist";
				LD_RUNPATH_SEARCH_PATHS = (
					"$(inherited)",
					"@executable_path/Frameworks",
				);
				PRODUCT_BUNDLE_IDENTIFIER = "com.appfromape.Flash-Chat-IOS14";
				PRODUCT_NAME = "$(TARGET_NAME)";
				SWIFT_VERSION = 5.0;
				TARGETED_DEVICE_FAMILY = "1,2";
			};
			name = Release;
		};
/* End XCBuildConfiguration section */

/* Begin XCConfigurationList section */
		A0CAB71725ECEC0C00919222 /* Build configuration list for PBXProject "Flash Chat IOS14" */ = {
			isa = XCConfigurationList;
			buildConfigurations = (
				A0CAB72E25ECEC0C00919222 /* Debug */,
				A0CAB72F25ECEC0C00919222 /* Release */,
			);
			defaultConfigurationIsVisible = 0;
			defaultConfigurationName = Release;
		};
		A0CAB73025ECEC0C00919222 /* Build configuration list for PBXNativeTarget "Flash Chat IOS14" */ = {
			isa = XCConfigurationList;
			buildConfigurations = (
				A0CAB73125ECEC0C00919222 /* Debug */,
				A0CAB73225ECEC0C00919222 /* Release */,
			);
			defaultConfigurationIsVisible = 0;
			defaultConfigurationName = Release;
		};
/* End XCConfigurationList section */
	};
	rootObject = A0CAB71425ECEC0C00919222 /* Project object */;
}
